github.com/elastic/go-elasticsearch v0.0.0 h1:Pd5fqOuBxKxv83b0+xOAJDAkziWYwFinWnBO0y+TZaA=
github.com/elastic/go-elasticsearch/v7 v7.10.0 h1:vYRwqgFM46ZUHFMRdvKr+y1WA4ehJO6WqAGV9Btbl2o=
github.com/elastic/go-elasticsearch/v7 v7.10.0/go.mod h1:OJ4wdbtDNk5g503kvlHLyErCgQwwzmDtaFC4XyOxXA4=
gopkg.in/go-playground/webhooks.v5 v5.17.0 h1:truBced5ZmkiNKK47cM8bMe86wUSjNks7SFMuNKwzlc=
gopkg.in/go-playground/webhooks.v5 v5.17.0/go.mod h1:LZbya/qLVdbqDR1aKrGuWV6qbia2zCYSR5dpom2SInQ=
